
Microsoft Visual Studio Solution File, Format Version 12.00
# Visual Studio Version 16
VisualStudioVersion = 16.0.30907.101
MinimumVisualStudioVersion = 10.0.40219.1
Project("{FAE04EC0-301F-11D3-BF4B-00C04F79EFBC}") = "ShowDataFromDatabase", "ShowDataFromDatabase.csproj", "{3F9A37C1-8698-4435-A581-E33A8FB36E96}"
EndProject
Global
	GlobalSection(SolutionConfigurationPlatforms) = preSolution
		Debug|Any CPU = Debug|Any CPU
		Release|Any CPU = Release|Any CPU
	EndGlobalSection
	GlobalSection(ProjectConfigurationPlatforms) = postSolution
		{3F9A37C1-8698-4435-A581-E33A8FB36E96}.Debug|Any CPU.ActiveCfg = Debug|Any CPU
		{3F9A37C1-8698-4435-A581-E33A8FB36E96}.Debug|Any CPU.Build.0 = Debug|Any CPU
		{3F9A37C1-8698-4435-A581-E33A8FB36E96}.Release|Any CPU.ActiveCfg = Release|Any CPU
		{3F9A37C1-8698-4435-A581-E33A8FB36E96}.Release|Any CPU.Build.0 = Release|Any CPU
	EndGlobalSection
	GlobalSection(SolutionProperties) = preSolution
		HideSolutionNode = FALSE
	EndGlobalSection
	GlobalSection(ExtensibilityGlobals) = postSolution
		SolutionGuid = {03A51E3F-0751-4054-98C9-F1DD5E579FCA}
	EndGlobalSection
EndGlobal
